// !$*UTF8*$!
{
	archiveVersion = 1;
	classes = {
	};
	objectVersion = 50;
	objects = {

/* Begin PBXBuildFile section */
		9A2C5742282678A100124262 /* CoursesViewController.swift in Sources */ = {isa = PBXBuildFile; fileRef = 9A2C5741282678A100124262 /* CoursesViewController.swift */; };
		9A2C574528267A5C00124262 /* CourseViewCell.swift in Sources */ = {isa = PBXBuildFile; fileRef = 9A2C574428267A5C00124262 /* CourseViewCell.swift */; };
		9A442737284BD21A0057BAC5 /* NetworkManager.swift in Sources */ = {isa = PBXBuildFile; fileRef = 9A442736284BD21A0057BAC5 /* NetworkManager.swift */; };
		9A4DA9CA2826528F0040E353 /* AppDelegate.swift in Sources */ = {isa = PBXBuildFile; fileRef = 9A4DA9C92826528F0040E353 /* AppDelegate.swift */; };
		9A4DA9CC2826528F0040E353 /* SceneDelegate.swift in Sources */ = {isa = PBXBuildFile; fileRef = 9A4DA9CB2826528F0040E353 /* SceneDelegate.swift */; };
		9A4DA9D12826528F0040E353 /* Main.storyboard in Resources */ = {isa = PBXBuildFile; fileRef = 9A4DA9CF2826528F0040E353 /* Main.storyboard */; };
		9A4DA9D3282652900040E353 /* Assets.xcassets in Resources */ = {isa = PBXBuildFile; fileRef = 9A4DA9D2282652900040E353 /* Assets.xcassets */; };
		9A4DA9D6282652900040E353 /* LaunchScreen.storyboard in Resources */ = {isa = PBXBuildFile; fileRef = 9A4DA9D4282652900040E353 /* LaunchScreen.storyboard */; };
		9A4DA9E62826579A0040E353 /* MainViewController.swift in Sources */ = {isa = PBXBuildFile; fileRef = 9A4DA9E52826579A0040E353 /* MainViewController.swift */; };
		9A4DA9E92826584F0040E353 /* UserActionCell.swift in Sources */ = {isa = PBXBuildFile; fileRef = 9A4DA9E82826584F0040E353 /* UserActionCell.swift */; };
		9A4DA9EC282664B10040E353 /* ImageViewController.swift in Sources */ = {isa = PBXBuildFile; fileRef = 9A4DA9EB282664B10040E353 /* ImageViewController.swift */; };
		9A4DA9F028266B9D0040E353 /* Course.swift in Sources */ = {isa = PBXBuildFile; fileRef = 9A4DA9EF28266B9D0040E353 /* Course.swift */; };
/* End PBXBuildFile section */

/* Begin PBXFileReference section */
		9A2C5741282678A100124262 /* CoursesViewController.swift */ = {isa = PBXFileReference; lastKnownFileType = sourcecode.swift; path = CoursesViewController.swift; sourceTree = "<group>"; };
		9A2C574428267A5C00124262 /* CourseViewCell.swift */ = {isa = PBXFileReference; lastKnownFileType = sourcecode.swift; path = CourseViewCell.swift; sourceTree = "<group>"; };
		9A442736284BD21A0057BAC5 /* NetworkManager.swift */ = {isa = PBXFileReference; lastKnownFileType = sourcecode.swift; path = NetworkManager.swift; sourceTree = "<group>"; };
		9A4DA9C62826528F0040E353 /* CoursesInfo.app */ = {isa = PBXFileReference; explicitFileType = wrapper.application; includeInIndex = 0; path = CoursesInfo.app; sourceTree = BUILT_PRODUCTS_DIR; };
		9A4DA9C92826528F0040E353 /* AppDelegate.swift */ = {isa = PBXFileReference; lastKnownFileType = sourcecode.swift; path = AppDelegate.swift; sourceTree = "<group>"; };
		9A4DA9CB2826528F0040E353 /* SceneDelegate.swift */ = {isa = PBXFileReference; lastKnownFileType = sourcecode.swift; path = SceneDelegate.swift; sourceTree = "<group>"; };
		9A4DA9D02826528F0040E353 /* Base */ = {isa = PBXFileReference; lastKnownFileType = file.storyboard; name = Base; path = Base.lproj/Main.storyboard; sourceTree = "<group>"; };
		9A4DA9D2282652900040E353 /* Assets.xcassets */ = {isa = PBXFileReference; lastKnownFileType = folder.assetcatalog; path = Assets.xcassets; sourceTree = "<group>"; };
		9A4DA9D5282652900040E353 /* Base */ = {isa = PBXFileReference; lastKnownFileType = file.storyboard; name = Base; path = Base.lproj/LaunchScreen.storyboard; sourceTree = "<group>"; };
		9A4DA9D7282652900040E353 /* Info.plist */ = {isa = PBXFileReference; lastKnownFileType = text.plist.xml; path = Info.plist; sourceTree = "<group>"; };
		9A4DA9E52826579A0040E353 /* MainViewController.swift */ = {isa = PBXFileReference; lastKnownFileType = sourcecode.swift; path = MainViewController.swift; sourceTree = "<group>"; };
		9A4DA9E82826584F0040E353 /* UserActionCell.swift */ = {isa = PBXFileReference; lastKnownFileType = sourcecode.swift; path = UserActionCell.swift; sourceTree = "<group>"; };
		9A4DA9EB282664B10040E353 /* ImageViewController.swift */ = {isa = PBXFileReference; lastKnownFileType = sourcecode.swift; path = ImageViewController.swift; sourceTree = "<group>"; };
		9A4DA9EF28266B9D0040E353 /* Course.swift */ = {isa = PBXFileReference; lastKnownFileType = sourcecode.swift; path = Course.swift; sourceTree = "<group>"; };
/* End PBXFileReference section */

/* Begin PBXFrameworksBuildPhase section */
		9A4DA9C32826528F0040E353 /* Frameworks */ = {
			isa = PBXFrameworksBuildPhase;
			buildActionMask = 2147483647;
			files = (
			);
			runOnlyForDeploymentPostprocessing = 0;
		};
/* End PBXFrameworksBuildPhase section */

/* Begin PBXGroup section */
		9A442733284BD1AC0057BAC5 /* Views */ = {
			isa = PBXGroup;
			children = (
				9A4DA9E82826584F0040E353 /* UserActionCell.swift */,
				9A2C574428267A5C00124262 /* CourseViewCell.swift */,
			);
			path = Views;
			sourceTree = "<group>";
		};
		9A442735284BD20A0057BAC5 /* Services */ = {
			isa = PBXGroup;
			children = (
				9A442736284BD21A0057BAC5 /* NetworkManager.swift */,
			);
			path = Services;
			sourceTree = "<group>";
		};
		9A4DA9BD2826528F0040E353 = {
			isa = PBXGroup;
			children = (
				9A4DA9C82826528F0040E353 /* CoursesInfo */,
				9A4DA9C72826528F0040E353 /* Products */,
			);
			sourceTree = "<group>";
		};
		9A4DA9C72826528F0040E353 /* Products */ = {
			isa = PBXGroup;
			children = (
				9A4DA9C62826528F0040E353 /* CoursesInfo.app */,
			);
			name = Products;
			sourceTree = "<group>";
		};
		9A4DA9C82826528F0040E353 /* CoursesInfo */ = {
			isa = PBXGroup;
			children = (
				9A442735284BD20A0057BAC5 /* Services */,
				9A4DA9EE28266B8F0040E353 /* Models */,
				9A4DA9E1282652C90040E353 /* Controllers */,
				9A4DA9DE282652B40040E353 /* Storyboards */,
				9A442733284BD1AC0057BAC5 /* Views */,
				9A4DA9DF282652C20040E353 /* Apps */,
				9A4DA9E2282652D10040E353 /* Resources */,
			);
			path = CoursesInfo;
			sourceTree = "<group>";
		};
		9A4DA9DE282652B40040E353 /* Storyboards */ = {
			isa = PBXGroup;
			children = (
				9A4DA9CF2826528F0040E353 /* Main.storyboard */,
				9A4DA9D4282652900040E353 /* LaunchScreen.storyboard */,
			);
			path = Storyboards;
			sourceTree = "<group>";
		};
		9A4DA9DF282652C20040E353 /* Apps */ = {
			isa = PBXGroup;
			children = (
				9A4DA9C92826528F0040E353 /* AppDelegate.swift */,
				9A4DA9CB2826528F0040E353 /* SceneDelegate.swift */,
				9A4DA9D7282652900040E353 /* Info.plist */,
			);
			path = Apps;
			sourceTree = "<group>";
		};
		9A4DA9E1282652C90040E353 /* Controllers */ = {
			isa = PBXGroup;
			children = (
				9A4DA9E52826579A0040E353 /* MainViewController.swift */,
				9A4DA9EB282664B10040E353 /* ImageViewController.swift */,
				9A2C5741282678A100124262 /* CoursesViewController.swift */,
			);
			path = Controllers;
			sourceTree = "<group>";
		};
		9A4DA9E2282652D10040E353 /* Resources */ = {
			isa = PBXGroup;
			children = (
				9A4DA9D2282652900040E353 /* Assets.xcassets */,
			);
			path = Resources;
			sourceTree = "<group>";
		};
		9A4DA9EE28266B8F0040E353 /* Models */ = {
			isa = PBXGroup;
			children = (
				9A4DA9EF28266B9D0040E353 /* Course.swift */,
			);
			path = Models;
			sourceTree = "<group>";
		};
/* End PBXGroup section */

/* Begin PBXNativeTarget section */
		9A4DA9C52826528F0040E353 /* CoursesInfo */ = {
			isa = PBXNativeTarget;
			buildConfigurationList = 9A4DA9DA282652900040E353 /* Build configuration list for PBXNativeTarget "CoursesInfo" */;
			buildPhases = (
				9A4DA9C22826528F0040E353 /* Sources */,
				9A4DA9C32826528F0040E353 /* Frameworks */,
				9A4DA9C42826528F0040E353 /* Resources */,
			);
			buildRules = (
			);
			dependencies = (
			);
			name = CoursesInfo;
			productName = CoursesInfo;
			productReference = 9A4DA9C62826528F0040E353 /* CoursesInfo.app */;
			productType = "com.apple.product-type.application";
		};
/* End PBXNativeTarget section */

/* Begin PBXProject section */
		9A4DA9BE2826528F0040E353 /* Project object */ = {
			isa = PBXProject;
			attributes = {
				LastSwiftUpdateCheck = 1240;
				LastUpgradeCheck = 1240;
				TargetAttributes = {
					9A4DA9C52826528F0040E353 = {
						CreatedOnToolsVersion = 12.4;
					};
				};
			};
			buildConfigurationList = 9A4DA9C12826528F0040E353 /* Build configuration list for PBXProject "CoursesInfo" */;
			compatibilityVersion = "Xcode 9.3";
			developmentRegion = en;
			hasScannedForEncodings = 0;
			knownRegions = (
				en,
				Base,
			);
			mainGroup = 9A4DA9BD2826528F0040E353;
			productRefGroup = 9A4DA9C72826528F0040E353 /* Products */;
			projectDirPath = "";
			projectRoot = "";
			targets = (
				9A4DA9C52826528F0040E353 /* CoursesInfo */,
			);
		};
/* End PBXProject section */

/* Begin PBXResourcesBuildPhase section */
		9A4DA9C42826528F0040E353 /* Resources */ = {
			isa = PBXResourcesBuildPhase;
			buildActionMask = 2147483647;
			files = (
				9A4DA9D6282652900040E353 /* LaunchScreen.storyboard in Resources */,
				9A4DA9D3282652900040E353 /* Assets.xcassets in Resources */,
				9A4DA9D12826528F0040E353 /* Main.storyboard in Resources */,
			);
			runOnlyForDeploymentPostprocessing = 0;
		};
/* End PBXResourcesBuildPhase section */

/* Begin PBXSourcesBuildPhase section */
		9A4DA9C22826528F0040E353 /* Sources */ = {
			isa = PBXSourcesBuildPhase;
			buildActionMask = 2147483647;
			files = (
				9A442737284BD21A0057BAC5 /* NetworkManager.swift in Sources */,
				9A4DA9F028266B9D0040E353 /* Course.swift in Sources */,
				9A2C5742282678A100124262 /* CoursesViewController.swift in Sources */,
				9A4DA9E92826584F0040E353 /* UserActionCell.swift in Sources */,
				9A2C574528267A5C00124262 /* CourseViewCell.swift in Sources */,
				9A4DA9E62826579A0040E353 /* MainViewController.swift in Sources */,
				9A4DA9EC282664B10040E353 /* ImageViewController.swift in Sources */,
				9A4DA9CA2826528F0040E353 /* AppDelegate.swift in Sources */,
				9A4DA9CC2826528F0040E353 /* SceneDelegate.swift in Sources */,
			);
			runOnlyForDeploymentPostprocessing = 0;
		};
/* End PBXSourcesBuildPhase section */

/* Begin PBXVariantGroup section */
		9A4DA9CF2826528F0040E353 /* Main.storyboard */ = {
			isa = PBXVariantGroup;
			children = (
				9A4DA9D02826528F0040E353 /* Base */,
			);
			name = Main.storyboard;
			sourceTree = "<group>";
		};
		9A4DA9D4282652900040E353 /* LaunchScreen.storyboard */ = {
			isa = PBXVariantGroup;
			children = (
				9A4DA9D5282652900040E353 /* Base */,
			);
			name = LaunchScreen.storyboard;
			sourceTree = "<group>";
		};
/* End PBXVariantGroup section */

/* Begin XCBuildConfiguration section */
		9A4DA9D8282652900040E353 /* Debug */ = {
			isa = XCBuildConfiguration;
			buildSettings = {
				ALWAYS_SEARCH_USER_PATHS = NO;
				CLANG_ANALYZER_NONNULL = YES;
				CLANG_ANALYZER_NUMBER_OBJECT_CONVERSION = YES_AGGRESSIVE;
				CLANG_CXX_LANGUAGE_STANDARD = "gnu++14";
				CLANG_CXX_LIBRARY = "libc++";
				CLANG_ENABLE_MODULES = YES;
				CLANG_ENABLE_OBJC_ARC = YES;
				CLANG_ENABLE_OBJC_WEAK = YES;
				CLANG_WARN_BLOCK_CAPTURE_AUTORELEASING = YES;
				CLANG_WARN_BOOL_CONVERSION = YES;
				CLANG_WARN_COMMA = YES;
				CLANG_WARN_CONSTANT_CONVERSION = YES;
				CLANG_WARN_DEPRECATED_OBJC_IMPLEMENTATIONS = YES;
				CLANG_WARN_DIRECT_OBJC_ISA_USAGE = YES_ERROR;
				CLANG_WARN_DOCUMENTATION_COMMENTS = YES;
				CLANG_WARN_EMPTY_BODY = YES;
				CLANG_WARN_ENUM_CONVERSION = YES;
				CLANG_WARN_INFINITE_RECURSION = YES;
				CLANG_WARN_INT_CONVERSION = YES;
				CLANG_WARN_NON_LITERAL_NULL_CONVERSION = YES;
				CLANG_WARN_OBJC_IMPLICIT_RETAIN_SELF = YES;
				CLANG_WARN_OBJC_LITERAL_CONVERSION = YES;
				CLANG_WARN_OBJC_ROOT_CLASS = YES_ERROR;
				CLANG_WARN_QUOTED_INCLUDE_IN_FRAMEWORK_HEADER = YES;
				CLANG_WARN_RANGE_LOOP_ANALYSIS = YES;
				CLANG_WARN_STRICT_PROTOTYPES = YES;
				CLANG_WARN_SUSPICIOUS_MOVE = YES;
				CLANG_WARN_UNGUARDED_AVAILABILITY = YES_AGGRESSIVE;
				CLANG_WARN_UNREACHABLE_CODE = YES;
				CLANG_WARN__DUPLICATE_METHOD_MATCH = YES;
				COPY_PHASE_STRIP = NO;
				DEBUG_INFORMATION_FORMAT = dwarf;
				ENABLE_STRICT_OBJC_MSGSEND = YES;
				ENABLE_TESTABILITY = YES;
				GCC_C_LANGUAGE_STANDARD = gnu11;
				GCC_DYNAMIC_NO_PIC = NO;
				GCC_NO_COMMON_BLOCKS = YES;
				GCC_OPTIMIZATION_LEVEL = 0;
				GCC_PREPROCESSOR_DEFINITIONS = (
					"DEBUG=1",
					"$(inherited)",
				);
				GCC_WARN_64_TO_32_BIT_CONVERSION = YES;
				GCC_WARN_ABOUT_RETURN_TYPE = YES_ERROR;
				GCC_WARN_UNDECLARED_SELECTOR = YES;
				GCC_WARN_UNINITIALIZED_AUTOS = YES_AGGRESSIVE;
				GCC_WARN_UNUSED_FUNCTION = YES;
				GCC_WARN_UNUSED_VARIABLE = YES;
				IPHONEOS_DEPLOYMENT_TARGET = 14.4;
				MTL_ENABLE_DEBUG_INFO = INCLUDE_SOURCE;
				MTL_FAST_MATH = YES;
				ONLY_ACTIVE_ARCH = YES;
				SDKROOT = iphoneos;
				SWIFT_ACTIVE_COMPILATION_CONDITIONS = DEBUG;
				SWIFT_OPTIMIZATION_LEVEL = "-Onone";
			};
			name = Debug;
		};
		9A4DA9D9282652900040E353 /* Release */ = {
			isa = XCBuildConfiguration;
			buildSettings = {
				ALWAYS_SEARCH_USER_PATHS = NO;
				CLANG_ANALYZER_NONNULL = YES;
				CLANG_ANALYZER_NUMBER_OBJECT_CONVERSION = YES_AGGRESSIVE;
				CLANG_CXX_LANGUAGE_STANDARD = "gnu++14";
				CLANG_CXX_LIBRARY = "libc++";
				CLANG_ENABLE_MODULES = YES;
				CLANG_ENABLE_OBJC_ARC = YES;
				CLANG_ENABLE_OBJC_WEAK = YES;
				CLANG_WARN_BLOCK_CAPTURE_AUTORELEASING = YES;
				CLANG_WARN_BOOL_CONVERSION = YES;
				CLANG_WARN_COMMA = YES;
				CLANG_WARN_CONSTANT_CONVERSION = YES;
				CLANG_WARN_DEPRECATED_OBJC_IMPLEMENTATIONS = YES;
				CLANG_WARN_DIRECT_OBJC_ISA_USAGE = YES_ERROR;
				CLANG_WARN_DOCUMENTATION_COMMENTS = YES;
				CLANG_WARN_EMPTY_BODY = YES;
				CLANG_WARN_ENUM_CONVERSION = YES;
				CLANG_WARN_INFINITE_RECURSION = YES;
				CLANG_WARN_INT_CONVERSION = YES;
				CLANG_WARN_NON_LITERAL_NULL_CONVERSION = YES;
				CLANG_WARN_OBJC_IMPLICIT_RETAIN_SELF = YES;
				CLANG_WARN_OBJC_LITERAL_CONVERSION = YES;
				CLANG_WARN_OBJC_ROOT_CLASS = YES_ERROR;
				CLANG_WARN_QUOTED_INCLUDE_IN_FRAMEWORK_HEADER = YES;
				CLANG_WARN_RANGE_LOOP_ANALYSIS = YES;
				CLANG_WARN_STRICT_PROTOTYPES = YES;
				CLANG_WARN_SUSPICIOUS_MOVE = YES;
				CLANG_WARN_UNGUARDED_AVAILABILITY = YES_AGGRESSIVE;
				CLANG_WARN_UNREACHABLE_CODE = YES;
				CLANG_WARN__DUPLICATE_METHOD_MATCH = YES;
				COPY_PHASE_STRIP = NO;
				DEBUG_INFORMATION_FORMAT = "dwarf-with-dsym";
				ENABLE_NS_ASSERTIONS = NO;
				ENABLE_STRICT_OBJC_MSGSEND = YES;
				GCC_C_LANGUAGE_STANDARD = gnu11;
				GCC_NO_COMMON_BLOCKS = YES;
				GCC_WARN_64_TO_32_BIT_CONVERSION = YES;
				GCC_WARN_ABOUT_RETURN_TYPE = YES_ERROR;
				GCC_WARN_UNDECLARED_SELECTOR = YES;
				GCC_WARN_UNINITIALIZED_AUTOS = YES_AGGRESSIVE;
				GCC_WARN_UNUSED_FUNCTION = YES;
				GCC_WARN_UNUSED_VARIABLE = YES;
				IPHONEOS_DEPLOYMENT_TARGET = 14.4;
				MTL_ENABLE_DEBUG_INFO = NO;
				MTL_FAST_MATH = YES;
				SDKROOT = iphoneos;
				SWIFT_COMPILATION_MODE = wholemodule;
				SWIFT_OPTIMIZATION_LEVEL = "-O";
				VALIDATE_PRODUCT = YES;
			};
			name = Release;
		};
		9A4DA9DB282652900040E353 /* Debug */ = {
			isa = XCBuildConfiguration;
			buildSettings = {
				ASSETCATALOG_COMPILER_APPICON_NAME = AppIcon;
				ASSETCATALOG_COMPILER_GLOBAL_ACCENT_COLOR_NAME = AccentColor;
				CODE_SIGN_STYLE = Automatic;
				DEVELOPMENT_TEAM = 4MMKWZWX48;
				INFOPLIST_FILE = CoursesInfo/Apps/Info.plist;
				LD_RUNPATH_SEARCH_PATHS = (
					"$(inherited)",
					"@executable_path/Frameworks",
				);
				PRODUCT_BUNDLE_IDENTIFIER = com.sayabeck.CoursesInfo;
				PRODUCT_NAME = "$(TARGET_NAME)";
				SWIFT_VERSION = 5.0;
				TARGETED_DEVICE_FAMILY = "1,2";
			};
			name = Debug;
		};
		9A4DA9DC282652900040E353 /* Release */ = {
			isa = XCBuildConfiguration;
			buildSettings = {
				ASSETCATALOG_COMPILER_APPICON_NAME = AppIcon;
				ASSETCATALOG_COMPILER_GLOBAL_ACCENT_COLOR_NAME = AccentColor;
				CODE_SIGN_STYLE = Automatic;
				DEVELOPMENT_TEAM = 4MMKWZWX48;
				INFOPLIST_FILE = CoursesInfo/Apps/Info.plist;
				LD_RUNPATH_SEARCH_PATHS = (
					"$(inherited)",
					"@executable_path/Frameworks",
				);
				PRODUCT_BUNDLE_IDENTIFIER = com.sayabeck.CoursesInfo;
				PRODUCT_NAME = "$(TARGET_NAME)";
				SWIFT_VERSION = 5.0;
				TARGETED_DEVICE_FAMILY = "1,2";
			};
			name = Release;
		};
/* End XCBuildConfiguration section */

/* Begin XCConfigurationList section */
		9A4DA9C12826528F0040E353 /* Build configuration list for PBXProject "CoursesInfo" */ = {
			isa = XCConfigurationList;
			buildConfigurations = (
				9A4DA9D8282652900040E353 /* Debug */,
				9A4DA9D9282652900040E353 /* Release */,
			);
			defaultConfigurationIsVisible = 0;
			defaultConfigurationName = Release;
		};
		9A4DA9DA282652900040E353 /* Build configuration list for PBXNativeTarget "CoursesInfo" */ = {
			isa = XCConfigurationList;
			buildConfigurations = (
				9A4DA9DB282652900040E353 /* Debug */,
				9A4DA9DC282652900040E353 /* Release */,
			);
			defaultConfigurationIsVisible = 0;
			defaultConfigurationName = Release;
		};
/* End XCConfigurationList section */
	};
	rootObject = 9A4DA9BE2826528F0040E353 /* Project object */;
}
